// !$*UTF8*$!
{
	archiveVersion = 1;
	classes = {
	};
	objectVersion = 46;
	objects = {

/* Begin PBXBuildFile section */
		D351BBAE17332F3D0051C1B3 /* Foundation.framework in Frameworks */ = {isa = PBXBuildFile; fileRef = D351BBAD17332F3D0051C1B3 /* Foundation.framework */; };
		D351BBBD17332F3E0051C1B3 /* SenTestingKit.framework in Frameworks */ = {isa = PBXBuildFile; fileRef = D351BBBC17332F3E0051C1B3 /* SenTestingKit.framework */; };
		D351BBC017332F3E0051C1B3 /* Foundation.framework in Frameworks */ = {isa = PBXBuildFile; fileRef = D351BBAD17332F3D0051C1B3 /* Foundation.framework */; };
		D351BBC517332F3E0051C1B3 /* PredicateKit.framework in Frameworks */ = {isa = PBXBuildFile; fileRef = D351BBAA17332F3D0051C1B3 /* PredicateKit.framework */; };
		D351BBDC17332FCF0051C1B3 /* PredicateKitTests.m in Sources */ = {isa = PBXBuildFile; fileRef = D351BBDB17332FCF0051C1B3 /* PredicateKitTests.m */; };
		D351BC171733346C0051C1B3 /* PKLexer.h in Headers */ = {isa = PBXBuildFile; fileRef = D351BC0B1733346C0051C1B3 /* PKLexer.h */; };
		D351BC191733346C0051C1B3 /* PKTypes.h in Headers */ = {isa = PBXBuildFile; fileRef = D351BC0D1733346C0051C1B3 /* PKTypes.h */; };
		D351BC1A1733346C0051C1B3 /* PKError.h in Headers */ = {isa = PBXBuildFile; fileRef = D351BC0E1733346C0051C1B3 /* PKError.h */; settings = {ATTRIBUTES = (Public, ); }; };
		D351BC1B1733346C0051C1B3 /* PKParser.h in Headers */ = {isa = PBXBuildFile; fileRef = D351BC0F1733346C0051C1B3 /* PKParser.h */; settings = {ATTRIBUTES = (Public, ); }; };
		D351BC1C1733346C0051C1B3 /* PKParser.m in Sources */ = {isa = PBXBuildFile; fileRef = D351BC101733346C0051C1B3 /* PKParser.m */; };
		D351BC1D1733346C0051C1B3 /* PKPredicate.h in Headers */ = {isa = PBXBuildFile; fileRef = D351BC111733346C0051C1B3 /* PKPredicate.h */; settings = {ATTRIBUTES = (Public, ); }; };
		D351BC1E1733346C0051C1B3 /* PKPredicate.m in Sources */ = {isa = PBXBuildFile; fileRef = D351BC121733346C0051C1B3 /* PKPredicate.m */; };
		D351BC22173334D30051C1B3 /* PKGrammar.c in Sources */ = {isa = PBXBuildFile; fileRef = D351BC1F173334D30051C1B3 /* PKGrammar.c */; };
		D351BC23173334D30051C1B3 /* PKGrammar.h in Headers */ = {isa = PBXBuildFile; fileRef = D351BC20173334D30051C1B3 /* PKGrammar.h */; };
		D351BC24173334D30051C1B3 /* PKLexer.c in Sources */ = {isa = PBXBuildFile; fileRef = D351BC21173334D30051C1B3 /* PKLexer.c */; };
		D351BC31173352270051C1B3 /* PKExpression.h in Headers */ = {isa = PBXBuildFile; fileRef = D351BC2F173352270051C1B3 /* PKExpression.h */; };
		D351BC32173352270051C1B3 /* PKExpression.m in Sources */ = {isa = PBXBuildFile; fileRef = D351BC30173352270051C1B3 /* PKExpression.m */; };
		D351BC3517335C920051C1B3 /* PKCompoundExpression.h in Headers */ = {isa = PBXBuildFile; fileRef = D351BC3317335C920051C1B3 /* PKCompoundExpression.h */; };
		D351BC3617335C920051C1B3 /* PKCompoundExpression.m in Sources */ = {isa = PBXBuildFile; fileRef = D351BC3417335C920051C1B3 /* PKCompoundExpression.m */; };
		D351BC3B17337E990051C1B3 /* PKComparisonExpression.h in Headers */ = {isa = PBXBuildFile; fileRef = D351BC3717337E990051C1B3 /* PKComparisonExpression.h */; };
		D351BC3C17337E990051C1B3 /* PKComparisonExpression.m in Sources */ = {isa = PBXBuildFile; fileRef = D351BC3817337E990051C1B3 /* PKComparisonExpression.m */; };
		D351BC3D17337E990051C1B3 /* PKLiteralExpression.h in Headers */ = {isa = PBXBuildFile; fileRef = D351BC3917337E990051C1B3 /* PKLiteralExpression.h */; };
		D351BC3E17337E990051C1B3 /* PKLiteralExpression.m in Sources */ = {isa = PBXBuildFile; fileRef = D351BC3A17337E990051C1B3 /* PKLiteralExpression.m */; };
		D351BC41173381C40051C1B3 /* PKBitwiseExpression.h in Headers */ = {isa = PBXBuildFile; fileRef = D351BC3F173381C40051C1B3 /* PKBitwiseExpression.h */; };
		D351BC42173381C40051C1B3 /* PKBitwiseExpression.m in Sources */ = {isa = PBXBuildFile; fileRef = D351BC40173381C40051C1B3 /* PKBitwiseExpression.m */; };
		D351BC45173385240051C1B3 /* PKIdentifierExpression.h in Headers */ = {isa = PBXBuildFile; fileRef = D351BC43173385240051C1B3 /* PKIdentifierExpression.h */; };
		D351BC46173385240051C1B3 /* PKIdentifierExpression.m in Sources */ = {isa = PBXBuildFile; fileRef = D351BC44173385240051C1B3 /* PKIdentifierExpression.m */; };
/* End PBXBuildFile section */

/* Begin PBXContainerItemProxy section */
		D351BBC117332F3E0051C1B3 /* PBXContainerItemProxy */ = {
			isa = PBXContainerItemProxy;
			containerPortal = D351BB9E17332F3D0051C1B3 /* Project object */;
			proxyType = 1;
			remoteGlobalIDString = D351BBA917332F3D0051C1B3;
			remoteInfo = PredicateKit;
		};
		D351BBC317332F3E0051C1B3 /* PBXContainerItemProxy */ = {
			isa = PBXContainerItemProxy;
			containerPortal = D351BB9E17332F3D0051C1B3 /* Project object */;
			proxyType = 1;
			remoteGlobalIDString = D351BBA917332F3D0051C1B3;
			remoteInfo = PredicateKit;
		};
/* End PBXContainerItemProxy section */

/* Begin PBXFileReference section */
		D351BBAA17332F3D0051C1B3 /* PredicateKit.framework */ = {isa = PBXFileReference; explicitFileType = wrapper.framework.static; includeInIndex = 0; path = PredicateKit.framework; sourceTree = BUILT_PRODUCTS_DIR; };
		D351BBAD17332F3D0051C1B3 /* Foundation.framework */ = {isa = PBXFileReference; lastKnownFileType = wrapper.framework; name = Foundation.framework; path = System/Library/Frameworks/Foundation.framework; sourceTree = SDKROOT; };
		D351BBB117332F3D0051C1B3 /* PredicateKit-Info.plist */ = {isa = PBXFileReference; lastKnownFileType = text.plist.xml; name = "PredicateKit-Info.plist"; path = "resources/PredicateKit-Info.plist"; sourceTree = "<group>"; };
		D351BBB517332F3D0051C1B3 /* PredicateKit-Prefix.pch */ = {isa = PBXFileReference; lastKnownFileType = sourcecode.c.h; name = "PredicateKit-Prefix.pch"; path = "source/PredicateKit-Prefix.pch"; sourceTree = "<group>"; };
		D351BBBB17332F3E0051C1B3 /* PredicateKitTests.octest */ = {isa = PBXFileReference; explicitFileType = wrapper.cfbundle; includeInIndex = 0; path = PredicateKitTests.octest; sourceTree = BUILT_PRODUCTS_DIR; };
		D351BBBC17332F3E0051C1B3 /* SenTestingKit.framework */ = {isa = PBXFileReference; lastKnownFileType = wrapper.framework; name = SenTestingKit.framework; path = Library/Frameworks/SenTestingKit.framework; sourceTree = DEVELOPER_DIR; };
		D351BBC817332F3E0051C1B3 /* PredicateKitTests-Info.plist */ = {isa = PBXFileReference; lastKnownFileType = text.plist.xml; name = "PredicateKitTests-Info.plist"; path = "resources/PredicateKitTests-Info.plist"; sourceTree = "<group>"; };
		D351BBDA17332FCF0051C1B3 /* PredicateKitTests.h */ = {isa = PBXFileReference; fileEncoding = 4; lastKnownFileType = sourcecode.c.h; path = PredicateKitTests.h; sourceTree = "<group>"; };
		D351BBDB17332FCF0051C1B3 /* PredicateKitTests.m */ = {isa = PBXFileReference; fileEncoding = 4; lastKnownFileType = sourcecode.c.objc; path = PredicateKitTests.m; sourceTree = "<group>"; };
		D351BBF41733326A0051C1B3 /* project.xcconfig */ = {isa = PBXFileReference; lastKnownFileType = text.xcconfig; name = project.xcconfig; path = ../../project.xcconfig; sourceTree = "<group>"; };
		D351BC0B1733346C0051C1B3 /* PKLexer.h */ = {isa = PBXFileReference; fileEncoding = 4; lastKnownFileType = sourcecode.c.h; path = PKLexer.h; sourceTree = "<group>"; };
		D351BC0D1733346C0051C1B3 /* PKTypes.h */ = {isa = PBXFileReference; fileEncoding = 4; lastKnownFileType = sourcecode.c.h; path = PKTypes.h; sourceTree = "<group>"; };
		D351BC0E1733346C0051C1B3 /* PKError.h */ = {isa = PBXFileReference; fileEncoding = 4; lastKnownFileType = sourcecode.c.h; path = PKError.h; sourceTree = "<group>"; };
		D351BC0F1733346C0051C1B3 /* PKParser.h */ = {isa = PBXFileReference; fileEncoding = 4; lastKnownFileType = sourcecode.c.h; path = PKParser.h; sourceTree = "<group>"; };
		D351BC101733346C0051C1B3 /* PKParser.m */ = {isa = PBXFileReference; fileEncoding = 4; lastKnownFileType = sourcecode.c.objc; path = PKParser.m; sourceTree = "<group>"; };
		D351BC111733346C0051C1B3 /* PKPredicate.h */ = {isa = PBXFileReference; fileEncoding = 4; lastKnownFileType = sourcecode.c.h; path = PKPredicate.h; sourceTree = "<group>"; };
		D351BC121733346C0051C1B3 /* PKPredicate.m */ = {isa = PBXFileReference; fileEncoding = 4; lastKnownFileType = sourcecode.c.objc; path = PKPredicate.m; sourceTree = "<group>"; };
		D351BC1F173334D30051C1B3 /* PKGrammar.c */ = {isa = PBXFileReference; explicitFileType = sourcecode.c.objc; fileEncoding = 4; path = PKGrammar.c; sourceTree = "<group>"; };
		D351BC20173334D30051C1B3 /* PKGrammar.h */ = {isa = PBXFileReference; fileEncoding = 4; lastKnownFileType = sourcecode.c.h; path = PKGrammar.h; sourceTree = "<group>"; };
		D351BC21173334D30051C1B3 /* PKLexer.c */ = {isa = PBXFileReference; fileEncoding = 4; lastKnownFileType = sourcecode.c.c; path = PKLexer.c; sourceTree = "<group>"; };
		D351BC2F173352270051C1B3 /* PKExpression.h */ = {isa = PBXFileReference; fileEncoding = 4; lastKnownFileType = sourcecode.c.h; path = PKExpression.h; sourceTree = "<group>"; };
		D351BC30173352270051C1B3 /* PKExpression.m */ = {isa = PBXFileReference; fileEncoding = 4; lastKnownFileType = sourcecode.c.objc; path = PKExpression.m; sourceTree = "<group>"; };
		D351BC3317335C920051C1B3 /* PKCompoundExpression.h */ = {isa = PBXFileReference; fileEncoding = 4; lastKnownFileType = sourcecode.c.h; path = PKCompoundExpression.h; sourceTree = "<group>"; };
		D351BC3417335C920051C1B3 /* PKCompoundExpression.m */ = {isa = PBXFileReference; fileEncoding = 4; lastKnownFileType = sourcecode.c.objc; path = PKCompoundExpression.m; sourceTree = "<group>"; };
		D351BC3717337E990051C1B3 /* PKComparisonExpression.h */ = {isa = PBXFileReference; fileEncoding = 4; lastKnownFileType = sourcecode.c.h; path = PKComparisonExpression.h; sourceTree = "<group>"; };
		D351BC3817337E990051C1B3 /* PKComparisonExpression.m */ = {isa = PBXFileReference; fileEncoding = 4; lastKnownFileType = sourcecode.c.objc; path = PKComparisonExpression.m; sourceTree = "<group>"; };
		D351BC3917337E990051C1B3 /* PKLiteralExpression.h */ = {isa = PBXFileReference; fileEncoding = 4; lastKnownFileType = sourcecode.c.h; path = PKLiteralExpression.h; sourceTree = "<group>"; };
		D351BC3A17337E990051C1B3 /* PKLiteralExpression.m */ = {isa = PBXFileReference; fileEncoding = 4; lastKnownFileType = sourcecode.c.objc; path = PKLiteralExpression.m; sourceTree = "<group>"; };
		D351BC3F173381C40051C1B3 /* PKBitwiseExpression.h */ = {isa = PBXFileReference; fileEncoding = 4; lastKnownFileType = sourcecode.c.h; path = PKBitwiseExpression.h; sourceTree = "<group>"; };
		D351BC40173381C40051C1B3 /* PKBitwiseExpression.m */ = {isa = PBXFileReference; fileEncoding = 4; lastKnownFileType = sourcecode.c.objc; path = PKBitwiseExpression.m; sourceTree = "<group>"; };
		D351BC43173385240051C1B3 /* PKIdentifierExpression.h */ = {isa = PBXFileReference; fileEncoding = 4; lastKnownFileType = sourcecode.c.h; path = PKIdentifierExpression.h; sourceTree = "<group>"; };
		D351BC44173385240051C1B3 /* PKIdentifierExpression.m */ = {isa = PBXFileReference; fileEncoding = 4; lastKnownFileType = sourcecode.c.objc; path = PKIdentifierExpression.m; sourceTree = "<group>"; };
/* End PBXFileReference section */

/* Begin PBXFrameworksBuildPhase section */
		D351BBA417332F3D0051C1B3 /* Frameworks */ = {
			isa = PBXFrameworksBuildPhase;
			buildActionMask = 2147483647;
			files = (
				D351BBAE17332F3D0051C1B3 /* Foundation.framework in Frameworks */,
			);
			runOnlyForDeploymentPostprocessing = 0;
		};
		D351BBB717332F3E0051C1B3 /* Frameworks */ = {
			isa = PBXFrameworksBuildPhase;
			buildActionMask = 2147483647;
			files = (
				D351BBBD17332F3E0051C1B3 /* SenTestingKit.framework in Frameworks */,
				D351BBC017332F3E0051C1B3 /* Foundation.framework in Frameworks */,
				D351BBC517332F3E0051C1B3 /* PredicateKit.framework in Frameworks */,
			);
			runOnlyForDeploymentPostprocessing = 0;
		};
/* End PBXFrameworksBuildPhase section */

/* Begin PBXGroup section */
		D351BB9D17332F3D0051C1B3 = {
			isa = PBXGroup;
			children = (
				D351BBAF17332F3D0051C1B3 /* PredicateKit */,
				D351BBC617332F3E0051C1B3 /* PredicateKitTests */,
				D351BBAC17332F3D0051C1B3 /* Frameworks */,
				D351BBAB17332F3D0051C1B3 /* Products */,
				D351BBF41733326A0051C1B3 /* project.xcconfig */,
			);
			sourceTree = "<group>";
		};
		D351BBAB17332F3D0051C1B3 /* Products */ = {
			isa = PBXGroup;
			children = (
				D351BBAA17332F3D0051C1B3 /* PredicateKit.framework */,
				D351BBBB17332F3E0051C1B3 /* PredicateKitTests.octest */,
			);
			name = Products;
			sourceTree = "<group>";
		};
		D351BBAC17332F3D0051C1B3 /* Frameworks */ = {
			isa = PBXGroup;
			children = (
				D351BBAD17332F3D0051C1B3 /* Foundation.framework */,
				D351BBBC17332F3E0051C1B3 /* SenTestingKit.framework */,
			);
			name = Frameworks;
			sourceTree = "<group>";
		};
		D351BBAF17332F3D0051C1B3 /* PredicateKit */ = {
			isa = PBXGroup;
			children = (
				D351BBD717332FAA0051C1B3 /* Source */,
				D351BBB017332F3D0051C1B3 /* Supporting Files */,
			);
			path = PredicateKit;
			sourceTree = "<group>";
		};
		D351BBB017332F3D0051C1B3 /* Supporting Files */ = {
			isa = PBXGroup;
			children = (
				D351BBB117332F3D0051C1B3 /* PredicateKit-Info.plist */,
				D351BBB517332F3D0051C1B3 /* PredicateKit-Prefix.pch */,
			);
			name = "Supporting Files";
			sourceTree = "<group>";
		};
		D351BBC617332F3E0051C1B3 /* PredicateKitTests */ = {
			isa = PBXGroup;
			children = (
				D351BBD817332FAF0051C1B3 /* Source */,
				D351BBC717332F3E0051C1B3 /* Supporting Files */,
			);
			path = PredicateKitTests;
			sourceTree = "<group>";
		};
		D351BBC717332F3E0051C1B3 /* Supporting Files */ = {
			isa = PBXGroup;
			children = (
				D351BC26173345EF0051C1B3 /* tests */,
				D351BBC817332F3E0051C1B3 /* PredicateKitTests-Info.plist */,
			);
			name = "Supporting Files";
			sourceTree = "<group>";
		};
		D351BBD717332FAA0051C1B3 /* Source */ = {
			isa = PBXGroup;
			children = (
				D351BC051733346C0051C1B3 /* predicate */,
			);
			name = Source;
			sourceTree = "<group>";
		};
		D351BBD817332FAF0051C1B3 /* Source */ = {
			isa = PBXGroup;
			children = (
				D351BBD917332FCF0051C1B3 /* predicate */,
			);
			name = Source;
			sourceTree = "<group>";
		};
		D351BBD917332FCF0051C1B3 /* predicate */ = {
			isa = PBXGroup;
			children = (
				D351BBDA17332FCF0051C1B3 /* PredicateKitTests.h */,
				D351BBDB17332FCF0051C1B3 /* PredicateKitTests.m */,
			);
			name = predicate;
			path = source/predicate;
			sourceTree = "<group>";
		};
		D351BC051733346C0051C1B3 /* predicate */ = {
			isa = PBXGroup;
			children = (
				D351BC061733346C0051C1B3 /* grammar */,
				D351BC0E1733346C0051C1B3 /* PKError.h */,
				D351BC0F1733346C0051C1B3 /* PKParser.h */,
				D351BC101733346C0051C1B3 /* PKParser.m */,
				D351BC111733346C0051C1B3 /* PKPredicate.h */,
				D351BC121733346C0051C1B3 /* PKPredicate.m */,
				D351BC2F173352270051C1B3 /* PKExpression.h */,
				D351BC30173352270051C1B3 /* PKExpression.m */,
				D351BC3317335C920051C1B3 /* PKCompoundExpression.h */,
				D351BC3417335C920051C1B3 /* PKCompoundExpression.m */,
				D351BC3717337E990051C1B3 /* PKComparisonExpression.h */,
				D351BC3817337E990051C1B3 /* PKComparisonExpression.m */,
				D351BC3F173381C40051C1B3 /* PKBitwiseExpression.h */,
				D351BC40173381C40051C1B3 /* PKBitwiseExpression.m */,
				D351BC43173385240051C1B3 /* PKIdentifierExpression.h */,
				D351BC44173385240051C1B3 /* PKIdentifierExpression.m */,
				D351BC3917337E990051C1B3 /* PKLiteralExpression.h */,
				D351BC3A17337E990051C1B3 /* PKLiteralExpression.m */,
			);
			name = predicate;
			path = source/predicate;
			sourceTree = "<group>";
		};
		D351BC061733346C0051C1B3 /* grammar */ = {
			isa = PBXGroup;
			children = (
				D351BC1F173334D30051C1B3 /* PKGrammar.c */,
				D351BC20173334D30051C1B3 /* PKGrammar.h */,
				D351BC21173334D30051C1B3 /* PKLexer.c */,
				D351BC0B1733346C0051C1B3 /* PKLexer.h */,
				D351BC0D1733346C0051C1B3 /* PKTypes.h */,
			);
			path = grammar;
			sourceTree = "<group>";
		};
		D351BC26173345EF0051C1B3 /* tests */ = {
			isa = PBXGroup;
			children = (
			);
			name = tests;
			path = resources/tests;
			sourceTree = "<group>";
		};
/* End PBXGroup section */

/* Begin PBXHeadersBuildPhase section */
		D351BBA517332F3D0051C1B3 /* Headers */ = {
			isa = PBXHeadersBuildPhase;
			buildActionMask = 2147483647;
			files = (
				D351BC1A1733346C0051C1B3 /* PKError.h in Headers */,
				D351BC1B1733346C0051C1B3 /* PKParser.h in Headers */,
				D351BC1D1733346C0051C1B3 /* PKPredicate.h in Headers */,
				D351BC171733346C0051C1B3 /* PKLexer.h in Headers */,
				D351BC191733346C0051C1B3 /* PKTypes.h in Headers */,
				D351BC23173334D30051C1B3 /* PKGrammar.h in Headers */,
				D351BC31173352270051C1B3 /* PKExpression.h in Headers */,
				D351BC3517335C920051C1B3 /* PKCompoundExpression.h in Headers */,
				D351BC3B17337E990051C1B3 /* PKComparisonExpression.h in Headers */,
				D351BC3D17337E990051C1B3 /* PKLiteralExpression.h in Headers */,
				D351BC41173381C40051C1B3 /* PKBitwiseExpression.h in Headers */,
				D351BC45173385240051C1B3 /* PKIdentifierExpression.h in Headers */,
			);
			runOnlyForDeploymentPostprocessing = 0;
		};
/* End PBXHeadersBuildPhase section */

/* Begin PBXNativeTarget section */
		D351BBA917332F3D0051C1B3 /* PredicateKit */ = {
			isa = PBXNativeTarget;
			buildConfigurationList = D351BBD117332F3E0051C1B3 /* Build configuration list for PBXNativeTarget "PredicateKit" */;
			buildPhases = (
				D351BBA317332F3D0051C1B3 /* Sources */,
				D351BBA417332F3D0051C1B3 /* Frameworks */,
				D351BBA517332F3D0051C1B3 /* Headers */,
				D351BBA617332F3D0051C1B3 /* Resources */,
			);
			buildRules = (
			);
			dependencies = (
			);
			name = PredicateKit;
			productName = PredicateKit;
			productReference = D351BBAA17332F3D0051C1B3 /* PredicateKit.framework */;
			productType = "com.apple.product-type.framework.static";
		};
		D351BBBA17332F3E0051C1B3 /* PredicateKitTests */ = {
			isa = PBXNativeTarget;
			buildConfigurationList = D351BBD417332F3E0051C1B3 /* Build configuration list for PBXNativeTarget "PredicateKitTests" */;
			buildPhases = (
				D351BBB617332F3E0051C1B3 /* Sources */,
				D351BBB717332F3E0051C1B3 /* Frameworks */,
				D351BBB817332F3E0051C1B3 /* Resources */,
				D351BBB917332F3E0051C1B3 /* ShellScript */,
			);
			buildRules = (
			);
			dependencies = (
				D351BBC217332F3E0051C1B3 /* PBXTargetDependency */,
				D351BBC417332F3E0051C1B3 /* PBXTargetDependency */,
			);
			name = PredicateKitTests;
			productName = PredicateKitTests;
			productReference = D351BBBB17332F3E0051C1B3 /* PredicateKitTests.octest */;
			productType = "com.apple.product-type.bundle";
		};
/* End PBXNativeTarget section */

/* Begin PBXProject section */
		D351BB9E17332F3D0051C1B3 /* Project object */ = {
			isa = PBXProject;
			attributes = {
				LastUpgradeCheck = 0460;
				ORGANIZATIONNAME = "Brian William Wolter";
			};
			buildConfigurationList = D351BBA117332F3D0051C1B3 /* Build configuration list for PBXProject "PredicateKit" */;
			compatibilityVersion = "Xcode 3.2";
			developmentRegion = English;
			hasScannedForEncodings = 0;
			knownRegions = (
				en,
			);
			mainGroup = D351BB9D17332F3D0051C1B3;
			productRefGroup = D351BBAB17332F3D0051C1B3 /* Products */;
			projectDirPath = "";
			projectRoot = "";
			targets = (
				D351BBA917332F3D0051C1B3 /* PredicateKit */,
				D351BBBA17332F3E0051C1B3 /* PredicateKitTests */,
			);
		};
/* End PBXProject section */

/* Begin PBXResourcesBuildPhase section */
		D351BBA617332F3D0051C1B3 /* Resources */ = {
			isa = PBXResourcesBuildPhase;
			buildActionMask = 2147483647;
			files = (
			);
			runOnlyForDeploymentPostprocessing = 0;
		};
		D351BBB817332F3E0051C1B3 /* Resources */ = {
			isa = PBXResourcesBuildPhase;
			buildActionMask = 2147483647;
			files = (
			);
			runOnlyForDeploymentPostprocessing = 0;
		};
/* End PBXResourcesBuildPhase section */

/* Begin PBXShellScriptBuildPhase section */
		D351BBB917332F3E0051C1B3 /* ShellScript */ = {
			isa = PBXShellScriptBuildPhase;
			buildActionMask = 2147483647;
			files = (
			);
			inputPaths = (
			);
			outputPaths = (
			);
			runOnlyForDeploymentPostprocessing = 0;
			shellPath = /bin/sh;
			shellScript = "# Run the unit tests in this test bundle.\n\"${SYSTEM_DEVELOPER_DIR}/Tools/RunUnitTests\"\n";
		};
/* End PBXShellScriptBuildPhase section */

/* Begin PBXSourcesBuildPhase section */
		D351BBA317332F3D0051C1B3 /* Sources */ = {
			isa = PBXSourcesBuildPhase;
			buildActionMask = 2147483647;
			files = (
				D351BC1C1733346C0051C1B3 /* PKParser.m in Sources */,
				D351BC1E1733346C0051C1B3 /* PKPredicate.m in Sources */,
				D351BC22173334D30051C1B3 /* PKGrammar.c in Sources */,
				D351BC24173334D30051C1B3 /* PKLexer.c in Sources */,
				D351BC32173352270051C1B3 /* PKExpression.m in Sources */,
				D351BC3617335C920051C1B3 /* PKCompoundExpression.m in Sources */,
				D351BC3C17337E990051C1B3 /* PKComparisonExpression.m in Sources */,
				D351BC3E17337E990051C1B3 /* PKLiteralExpression.m in Sources */,
				D351BC42173381C40051C1B3 /* PKBitwiseExpression.m in Sources */,
				D351BC46173385240051C1B3 /* PKIdentifierExpression.m in Sources */,
			);
			runOnlyForDeploymentPostprocessing = 0;
		};
		D351BBB617332F3E0051C1B3 /* Sources */ = {
			isa = PBXSourcesBuildPhase;
			buildActionMask = 2147483647;
			files = (
				D351BBDC17332FCF0051C1B3 /* PredicateKitTests.m in Sources */,
			);
			runOnlyForDeploymentPostprocessing = 0;
		};
/* End PBXSourcesBuildPhase section */

/* Begin PBXTargetDependency section */
		D351BBC217332F3E0051C1B3 /* PBXTargetDependency */ = {
			isa = PBXTargetDependency;
			target = D351BBA917332F3D0051C1B3 /* PredicateKit */;
			targetProxy = D351BBC117332F3E0051C1B3 /* PBXContainerItemProxy */;
		};
		D351BBC417332F3E0051C1B3 /* PBXTargetDependency */ = {
			isa = PBXTargetDependency;
			target = D351BBA917332F3D0051C1B3 /* PredicateKit */;
			targetProxy = D351BBC317332F3E0051C1B3 /* PBXContainerItemProxy */;
		};
/* End PBXTargetDependency section */

/* Begin XCBuildConfiguration section */
		D351BBCF17332F3E0051C1B3 /* Debug */ = {
			isa = XCBuildConfiguration;
			baseConfigurationReference = D351BBF41733326A0051C1B3 /* project.xcconfig */;
			buildSettings = {
				ALWAYS_SEARCH_USER_PATHS = NO;
				CLANG_CXX_LANGUAGE_STANDARD = "gnu++0x";
				CLANG_CXX_LIBRARY = "libc++";
				CLANG_WARN_CONSTANT_CONVERSION = YES;
				CLANG_WARN_EMPTY_BODY = YES;
				CLANG_WARN_ENUM_CONVERSION = YES;
				CLANG_WARN_INT_CONVERSION = YES;
				CLANG_WARN__DUPLICATE_METHOD_MATCH = YES;
				COPY_PHASE_STRIP = NO;
				GCC_C_LANGUAGE_STANDARD = gnu99;
				GCC_DYNAMIC_NO_PIC = NO;
				GCC_OPTIMIZATION_LEVEL = 0;
				GCC_PREPROCESSOR_DEFINITIONS = (
					"DEBUG=1",
					"$(inherited)",
				);
				GCC_SYMBOLS_PRIVATE_EXTERN = NO;
				GCC_WARN_ABOUT_RETURN_TYPE = YES;
				GCC_WARN_UNINITIALIZED_AUTOS = YES;
				GCC_WARN_UNUSED_VARIABLE = YES;
				IPHONEOS_DEPLOYMENT_TARGET = 6.1;
				MACOSX_DEPLOYMENT_TARGET = 10.7;
				ONLY_ACTIVE_ARCH = YES;
			};
			name = Debug;
		};
		D351BBD017332F3E0051C1B3 /* Release */ = {
			isa = XCBuildConfiguration;
			baseConfigurationReference = D351BBF41733326A0051C1B3 /* project.xcconfig */;
			buildSettings = {
				ALWAYS_SEARCH_USER_PATHS = NO;
				CLANG_CXX_LANGUAGE_STANDARD = "gnu++0x";
				CLANG_CXX_LIBRARY = "libc++";
				CLANG_WARN_CONSTANT_CONVERSION = YES;
				CLANG_WARN_EMPTY_BODY = YES;
				CLANG_WARN_ENUM_CONVERSION = YES;
				CLANG_WARN_INT_CONVERSION = YES;
				CLANG_WARN__DUPLICATE_METHOD_MATCH = YES;
				COPY_PHASE_STRIP = YES;
				GCC_C_LANGUAGE_STANDARD = gnu99;
				GCC_WARN_ABOUT_RETURN_TYPE = YES;
				GCC_WARN_UNINITIALIZED_AUTOS = YES;
				GCC_WARN_UNUSED_VARIABLE = YES;
				IPHONEOS_DEPLOYMENT_TARGET = 6.1;
				MACOSX_DEPLOYMENT_TARGET = 10.7;
				VALIDATE_PRODUCT = YES;
			};
			name = Release;
		};
		D351BBD217332F3E0051C1B3 /* Debug */ = {
			isa = XCBuildConfiguration;
			buildSettings = {
				DYLIB_COMPATIBILITY_VERSION = 1;
				DYLIB_CURRENT_VERSION = 1;
				FRAMEWORK_VERSION = A;
				GCC_PRECOMPILE_PREFIX_HEADER = YES;
				GCC_PREFIX_HEADER = "PredicateKit/source/PredicateKit-Prefix.pch";
				INFOPLIST_FILE = "PredicateKit/resources/PredicateKit-Info.plist";
				PRODUCT_NAME = "$(TARGET_NAME)";
				SKIP_INSTALL = YES;
				WRAPPER_EXTENSION = framework;
			};
			name = Debug;
		};
		D351BBD317332F3E0051C1B3 /* Release */ = {
			isa = XCBuildConfiguration;
			buildSettings = {
				DYLIB_COMPATIBILITY_VERSION = 1;
				DYLIB_CURRENT_VERSION = 1;
				FRAMEWORK_VERSION = A;
				GCC_PRECOMPILE_PREFIX_HEADER = YES;
				GCC_PREFIX_HEADER = "PredicateKit/source/PredicateKit-Prefix.pch";
				INFOPLIST_FILE = "PredicateKit/resources/PredicateKit-Info.plist";
				PRODUCT_NAME = "$(TARGET_NAME)";
				SKIP_INSTALL = YES;
				WRAPPER_EXTENSION = framework;
			};
			name = Release;
		};
		D351BBD517332F3E0051C1B3 /* Debug */ = {
			isa = XCBuildConfiguration;
			buildSettings = {
				FRAMEWORK_SEARCH_PATHS = (
					"\"$(SDKROOT)/System/Library/Frameworks\"",
					"\"$(DEVELOPER_LIBRARY_DIR)/Frameworks\"",
				);
				GCC_PRECOMPILE_PREFIX_HEADER = YES;
				GCC_PREFIX_HEADER = "PredicateKit/source/PredicateKit-Prefix.pch";
				INFOPLIST_FILE = "PredicateKitTests/resources/PredicateKitTests-Info.plist";
				PRODUCT_NAME = "$(TARGET_NAME)";
				WRAPPER_EXTENSION = octest;
			};
			name = Debug;
		};
		D351BBD617332F3E0051C1B3 /* Release */ = {
			isa = XCBuildConfiguration;
			buildSettings = {
				FRAMEWORK_SEARCH_PATHS = (
					"\"$(SDKROOT)/System/Library/Frameworks\"",
					"\"$(DEVELOPER_LIBRARY_DIR)/Frameworks\"",
				);
				GCC_PRECOMPILE_PREFIX_HEADER = YES;
				GCC_PREFIX_HEADER = "PredicateKit/source/PredicateKit-Prefix.pch";
				INFOPLIST_FILE = "PredicateKitTests/resources/PredicateKitTests-Info.plist";
				PRODUCT_NAME = "$(TARGET_NAME)";
				WRAPPER_EXTENSION = octest;
			};
			name = Release;
		};
/* End XCBuildConfiguration section */

/* Begin XCConfigurationList section */
		D351BBA117332F3D0051C1B3 /* Build configuration list for PBXProject "PredicateKit" */ = {
			isa = XCConfigurationList;
			buildConfigurations = (
				D351BBCF17332F3E0051C1B3 /* Debug */,
				D351BBD017332F3E0051C1B3 /* Release */,
			);
			defaultConfigurationIsVisible = 0;
			defaultConfigurationName = Release;
		};
		D351BBD117332F3E0051C1B3 /* Build configuration list for PBXNativeTarget "PredicateKit" */ = {
			isa = XCConfigurationList;
			buildConfigurations = (
				D351BBD217332F3E0051C1B3 /* Debug */,
				D351BBD317332F3E0051C1B3 /* Release */,
			);
			defaultConfigurationIsVisible = 0;
			defaultConfigurationName = Release;
		};
		D351BBD417332F3E0051C1B3 /* Build configuration list for PBXNativeTarget "PredicateKitTests" */ = {
			isa = XCConfigurationList;
			buildConfigurations = (
				D351BBD517332F3E0051C1B3 /* Debug */,
				D351BBD617332F3E0051C1B3 /* Release */,
			);
			defaultConfigurationIsVisible = 0;
			defaultConfigurationName = Release;
		};
/* End XCConfigurationList section */
	};
	rootObject = D351BB9E17332F3D0051C1B3 /* Project object */;
}
